{
  "name": "count-inline-code",
  "version": "0.0.1",
  "lockfileVersion": 1,
  "requires": true,
  "dependencies": {
    "unist-util-flat-filter": {
      "version": "1.0.0",
      "resolved": "https://registry.npmjs.org/unist-util-flat-filter/-/unist-util-flat-filter-1.0.0.tgz",
      "integrity": "sha512-zjTmbMgyL1V7iUCnFaGLms9HtGbqK4d3YINqzu+wiMbau93GdiDGtJiB8lMhAyxAaxIAK2rOCeBCldF0FUreKQ==",
      "requires": {
        "unist-util-is": "^4.0.0"
      },
      "dependencies": {
        "unist-util-is": {
          "version": "4.0.1",
          "resolved": "https://registry.npmjs.org/unist-util-is/-/unist-util-is-4.0.1.tgz",
          "integrity": "sha512-7NYjErP4LJtkEptPR22wO5RsCPnHZZrop7t2SoQzjvpFedCFer4WW8ujj9GI5DkUX7yVcffXLjoURf6h2QUv6Q=="
        }
      }
    }
  }
}
