{
	"name": "pnpm-installer",
	"version": "1.0.0",
	"lockfileVersion": 3,
	"requires": true,
	"packages": {
		"": {
			"name": "pnpm-installer",
			"version": "1.0.0",
			"dependencies": {
				"get-pnpm": "^0.0.5"
			}
		},
		"node_modules/get-pnpm": {
			"version": "0.0.5",
			"resolved": "https://registry.npmjs.org/get-pnpm/-/get-pnpm-0.0.5.tgz",
			"integrity": "sha512-70vqRw+aJCLUKEwKzN4vS6+zPnsZ3gm0eBfjwD8VPUlb/9HkGfjvruGeN+AHRQ1d3s1x9Ld2ewgSfc7QfuUGyw==",
			"license": "MIT",
			"bin": {
				"get-pnpm": "bin/get-pnpm.js"
			},
			"engines": {
				"node": ">=22.13"
			},
			"funding": {
				"url": "https://opencollective.com/pnpm"
			}
		}
	}
}
